{
  "name": "taoz1_test2",
  "version": "1.2.0",
  "lockfileVersion": 1,
  "requires": true,
  "dependencies": {
    "taoz1_test": {
      "version": "1.1.5",
      "resolved": "https://registry.npmjs.org/taoz1_test/-/taoz1_test-1.1.5.tgz",
      "integrity": "sha512-j+Gg5a7BIiP0YtLu5emKEap9Np7LZm3wRUOm8pEIaPjxMmm+CMnAIvZLp6J6Y4veT3xzv2+GZLPKqdEa3HcsCg=="
    }
  }
}
